// !$*UTF8*$!
{
	archiveVersion = 1;
	classes = {
	};
	objectVersion = 56;
	objects = {

/* Begin PBXBuildFile section */
		EFF888172A0A048D00E8D8CD /* TwitterCloneApp.swift in Sources */ = {isa = PBXBuildFile; fileRef = EFF888162A0A048D00E8D8CD /* TwitterCloneApp.swift */; };
		EFF888192A0A048D00E8D8CD /* ContentView.swift in Sources */ = {isa = PBXBuildFile; fileRef = EFF888182A0A048D00E8D8CD /* ContentView.swift */; };
		EFF8881B2A0A048F00E8D8CD /* Assets.xcassets in Resources */ = {isa = PBXBuildFile; fileRef = EFF8881A2A0A048F00E8D8CD /* Assets.xcassets */; };
		EFF8881E2A0A048F00E8D8CD /* Preview Assets.xcassets in Resources */ = {isa = PBXBuildFile; fileRef = EFF8881D2A0A048F00E8D8CD /* Preview Assets.xcassets */; };
		EFF8882D2A0A061F00E8D8CD /* FeedView.swift in Sources */ = {isa = PBXBuildFile; fileRef = EFF8882C2A0A061F00E8D8CD /* FeedView.swift */; };
		EFF888302A0A074300E8D8CD /* TweetRowView.swift in Sources */ = {isa = PBXBuildFile; fileRef = EFF8882F2A0A074300E8D8CD /* TweetRowView.swift */; };
		EFF888332A0A0B3D00E8D8CD /* MainTabView.swift in Sources */ = {isa = PBXBuildFile; fileRef = EFF888322A0A0B3D00E8D8CD /* MainTabView.swift */; };
		EFF888392A0A0D0600E8D8CD /* ExploreView.swift in Sources */ = {isa = PBXBuildFile; fileRef = EFF888382A0A0D0600E8D8CD /* ExploreView.swift */; };
		EFF8883B2A0A0D3B00E8D8CD /* NotificationsView.swift in Sources */ = {isa = PBXBuildFile; fileRef = EFF8883A2A0A0D3B00E8D8CD /* NotificationsView.swift */; };
		EFF8883D2A0A0D7100E8D8CD /* MessagesView.swift in Sources */ = {isa = PBXBuildFile; fileRef = EFF8883C2A0A0D7100E8D8CD /* MessagesView.swift */; };
		EFF888412A0A0E8E00E8D8CD /* ProfileView.swift in Sources */ = {isa = PBXBuildFile; fileRef = EFF888402A0A0E8E00E8D8CD /* ProfileView.swift */; };
		EFF888432A0A1BF300E8D8CD /* TweetFilterViewModel.swift in Sources */ = {isa = PBXBuildFile; fileRef = EFF888422A0A1BF300E8D8CD /* TweetFilterViewModel.swift */; };
		EFF888482A0A22E000E8D8CD /* UserRowView.swift in Sources */ = {isa = PBXBuildFile; fileRef = EFF888472A0A22E000E8D8CD /* UserRowView.swift */; };
		EFF8884D2A0A28F400E8D8CD /* SideMenuView.swift in Sources */ = {isa = PBXBuildFile; fileRef = EFF8884C2A0A28F400E8D8CD /* SideMenuView.swift */; };
		EFF888512A0A292A00E8D8CD /* SideMenuViewModel.swift in Sources */ = {isa = PBXBuildFile; fileRef = EFF888502A0A292A00E8D8CD /* SideMenuViewModel.swift */; };
		EFF888532A0A8DD000E8D8CD /* UserStatsView.swift in Sources */ = {isa = PBXBuildFile; fileRef = EFF888522A0A8DD000E8D8CD /* UserStatsView.swift */; };
		EFF888552A0A96EB00E8D8CD /* SideMenuOptionRowView.swift in Sources */ = {isa = PBXBuildFile; fileRef = EFF888542A0A96EB00E8D8CD /* SideMenuOptionRowView.swift */; };
		EFF8885A2A0A9C5E00E8D8CD /* NewTweetView.swift in Sources */ = {isa = PBXBuildFile; fileRef = EFF888592A0A9C5E00E8D8CD /* NewTweetView.swift */; };
		EFF8885C2A0A9D0700E8D8CD /* TextArea.swift in Sources */ = {isa = PBXBuildFile; fileRef = EFF8885B2A0A9D0700E8D8CD /* TextArea.swift */; };
/* End PBXBuildFile section */

/* Begin PBXFileReference section */
		EFF888132A0A048D00E8D8CD /* TwitterClone.app */ = {isa = PBXFileReference; explicitFileType = wrapper.application; includeInIndex = 0; path = TwitterClone.app; sourceTree = BUILT_PRODUCTS_DIR; };
		EFF888162A0A048D00E8D8CD /* TwitterCloneApp.swift */ = {isa = PBXFileReference; lastKnownFileType = sourcecode.swift; path = TwitterCloneApp.swift; sourceTree = "<group>"; };
		EFF888182A0A048D00E8D8CD /* ContentView.swift */ = {isa = PBXFileReference; lastKnownFileType = sourcecode.swift; path = ContentView.swift; sourceTree = "<group>"; };
		EFF8881A2A0A048F00E8D8CD /* Assets.xcassets */ = {isa = PBXFileReference; lastKnownFileType = folder.assetcatalog; path = Assets.xcassets; sourceTree = "<group>"; };
		EFF8881D2A0A048F00E8D8CD /* Preview Assets.xcassets */ = {isa = PBXFileReference; lastKnownFileType = folder.assetcatalog; path = "Preview Assets.xcassets"; sourceTree = "<group>"; };
		EFF8882C2A0A061F00E8D8CD /* FeedView.swift */ = {isa = PBXFileReference; lastKnownFileType = sourcecode.swift; path = FeedView.swift; sourceTree = "<group>"; };
		EFF8882F2A0A074300E8D8CD /* TweetRowView.swift */ = {isa = PBXFileReference; lastKnownFileType = sourcecode.swift; path = TweetRowView.swift; sourceTree = "<group>"; };
		EFF888322A0A0B3D00E8D8CD /* MainTabView.swift */ = {isa = PBXFileReference; lastKnownFileType = sourcecode.swift; path = MainTabView.swift; sourceTree = "<group>"; };
		EFF888382A0A0D0600E8D8CD /* ExploreView.swift */ = {isa = PBXFileReference; lastKnownFileType = sourcecode.swift; path = ExploreView.swift; sourceTree = "<group>"; };
		EFF8883A2A0A0D3B00E8D8CD /* NotificationsView.swift */ = {isa = PBXFileReference; lastKnownFileType = sourcecode.swift; path = NotificationsView.swift; sourceTree = "<group>"; };
		EFF8883C2A0A0D7100E8D8CD /* MessagesView.swift */ = {isa = PBXFileReference; lastKnownFileType = sourcecode.swift; path = MessagesView.swift; sourceTree = "<group>"; };
		EFF888402A0A0E8E00E8D8CD /* ProfileView.swift */ = {isa = PBXFileReference; lastKnownFileType = sourcecode.swift; path = ProfileView.swift; sourceTree = "<group>"; };
		EFF888422A0A1BF300E8D8CD /* TweetFilterViewModel.swift */ = {isa = PBXFileReference; lastKnownFileType = sourcecode.swift; path = TweetFilterViewModel.swift; sourceTree = "<group>"; };
		EFF888472A0A22E000E8D8CD /* UserRowView.swift */ = {isa = PBXFileReference; lastKnownFileType = sourcecode.swift; path = UserRowView.swift; sourceTree = "<group>"; };
		EFF8884C2A0A28F400E8D8CD /* SideMenuView.swift */ = {isa = PBXFileReference; lastKnownFileType = sourcecode.swift; path = SideMenuView.swift; sourceTree = "<group>"; };
		EFF888502A0A292A00E8D8CD /* SideMenuViewModel.swift */ = {isa = PBXFileReference; lastKnownFileType = sourcecode.swift; path = SideMenuViewModel.swift; sourceTree = "<group>"; };
		EFF888522A0A8DD000E8D8CD /* UserStatsView.swift */ = {isa = PBXFileReference; lastKnownFileType = sourcecode.swift; path = UserStatsView.swift; sourceTree = "<group>"; };
		EFF888542A0A96EB00E8D8CD /* SideMenuOptionRowView.swift */ = {isa = PBXFileReference; lastKnownFileType = sourcecode.swift; path = SideMenuOptionRowView.swift; sourceTree = "<group>"; };
		EFF888592A0A9C5E00E8D8CD /* NewTweetView.swift */ = {isa = PBXFileReference; lastKnownFileType = sourcecode.swift; path = NewTweetView.swift; sourceTree = "<group>"; };
		EFF8885B2A0A9D0700E8D8CD /* TextArea.swift */ = {isa = PBXFileReference; lastKnownFileType = sourcecode.swift; path = TextArea.swift; sourceTree = "<group>"; };
/* End PBXFileReference section */

/* Begin PBXFrameworksBuildPhase section */
		EFF888102A0A048D00E8D8CD /* Frameworks */ = {
			isa = PBXFrameworksBuildPhase;
			buildActionMask = 2147483647;
			files = (
			);
			runOnlyForDeploymentPostprocessing = 0;
		};
/* End PBXFrameworksBuildPhase section */

/* Begin PBXGroup section */
		EFF8880A2A0A048D00E8D8CD = {
			isa = PBXGroup;
			children = (
				EFF888152A0A048D00E8D8CD /* TwitterClone */,
				EFF888142A0A048D00E8D8CD /* Products */,
			);
			sourceTree = "<group>";
		};
		EFF888142A0A048D00E8D8CD /* Products */ = {
			isa = PBXGroup;
			children = (
				EFF888132A0A048D00E8D8CD /* TwitterClone.app */,
			);
			name = Products;
			sourceTree = "<group>";
		};
		EFF888152A0A048D00E8D8CD /* TwitterClone */ = {
			isa = PBXGroup;
			children = (
				EFF888242A0A056A00E8D8CD /* Extension */,
				EFF888252A0A058800E8D8CD /* Model */,
				EFF888262A0A05D000E8D8CD /* Service */,
				EFF888272A0A05D900E8D8CD /* Core */,
				EFF888162A0A048D00E8D8CD /* TwitterCloneApp.swift */,
				EFF888182A0A048D00E8D8CD /* ContentView.swift */,
				EFF8881A2A0A048F00E8D8CD /* Assets.xcassets */,
				EFF8881C2A0A048F00E8D8CD /* Preview Content */,
			);
			path = TwitterClone;
			sourceTree = "<group>";
		};
		EFF8881C2A0A048F00E8D8CD /* Preview Content */ = {
			isa = PBXGroup;
			children = (
				EFF8881D2A0A048F00E8D8CD /* Preview Assets.xcassets */,
			);
			path = "Preview Content";
			sourceTree = "<group>";
		};
		EFF888242A0A056A00E8D8CD /* Extension */ = {
			isa = PBXGroup;
			children = (
			);
			path = Extension;
			sourceTree = "<group>";
		};
		EFF888252A0A058800E8D8CD /* Model */ = {
			isa = PBXGroup;
			children = (
			);
			path = Model;
			sourceTree = "<group>";
		};
		EFF888262A0A05D000E8D8CD /* Service */ = {
			isa = PBXGroup;
			children = (
			);
			path = Service;
			sourceTree = "<group>";
		};
		EFF888272A0A05D900E8D8CD /* Core */ = {
			isa = PBXGroup;
			children = (
				EFF888282A0A05E000E8D8CD /* Components */,
				EFF888562A0A9C2B00E8D8CD /* UploadTweet */,
				EFF888492A0A28C000E8D8CD /* SideMenu */,
				EFF888342A0A0C9600E8D8CD /* Profile */,
				EFF888352A0A0CAA00E8D8CD /* Explore */,
				EFF888372A0A0CDF00E8D8CD /* Notifications */,
				EFF888362A0A0CBF00E8D8CD /* Messages */,
				EFF888312A0A0B1800E8D8CD /* MainTab */,
				EFF888292A0A05ED00E8D8CD /* Feed */,
			);
			path = Core;
			sourceTree = "<group>";
		};
		EFF888282A0A05E000E8D8CD /* Components */ = {
			isa = PBXGroup;
			children = (
				EFF888462A0A22CC00E8D8CD /* Users */,
				EFF8882E2A0A071700E8D8CD /* Tweets */,
				EFF8885B2A0A9D0700E8D8CD /* TextArea.swift */,
			);
			path = Components;
			sourceTree = "<group>";
		};
		EFF888292A0A05ED00E8D8CD /* Feed */ = {
			isa = PBXGroup;
			children = (
				EFF8882B2A0A060300E8D8CD /* View */,
				EFF8882A2A0A05F300E8D8CD /* ViewModels */,
			);
			path = Feed;
			sourceTree = "<group>";
		};
		EFF8882A2A0A05F300E8D8CD /* ViewModels */ = {
			isa = PBXGroup;
			children = (
			);
			path = ViewModels;
			sourceTree = "<group>";
		};
		EFF8882B2A0A060300E8D8CD /* View */ = {
			isa = PBXGroup;
			children = (
				EFF8882C2A0A061F00E8D8CD /* FeedView.swift */,
			);
			path = View;
			sourceTree = "<group>";
		};
		EFF8882E2A0A071700E8D8CD /* Tweets */ = {
			isa = PBXGroup;
			children = (
				EFF8882F2A0A074300E8D8CD /* TweetRowView.swift */,
			);
			path = Tweets;
			sourceTree = "<group>";
		};
		EFF888312A0A0B1800E8D8CD /* MainTab */ = {
			isa = PBXGroup;
			children = (
				EFF888322A0A0B3D00E8D8CD /* MainTabView.swift */,
			);
			path = MainTab;
			sourceTree = "<group>";
		};
		EFF888342A0A0C9600E8D8CD /* Profile */ = {
			isa = PBXGroup;
			children = (
				EFF8883E2A0A0E7800E8D8CD /* ViewModels */,
				EFF8883F2A0A0E7F00E8D8CD /* Views */,
			);
			path = Profile;
			sourceTree = "<group>";
		};
		EFF888352A0A0CAA00E8D8CD /* Explore */ = {
			isa = PBXGroup;
			children = (
				EFF888442A0A229F00E8D8CD /* ViewModels */,
				EFF888452A0A22A600E8D8CD /* Views */,
			);
			path = Explore;
			sourceTree = "<group>";
		};
		EFF888362A0A0CBF00E8D8CD /* Messages */ = {
			isa = PBXGroup;
			children = (
				EFF8883C2A0A0D7100E8D8CD /* MessagesView.swift */,
			);
			path = Messages;
			sourceTree = "<group>";
		};
		EFF888372A0A0CDF00E8D8CD /* Notifications */ = {
			isa = PBXGroup;
			children = (
				EFF8883A2A0A0D3B00E8D8CD /* NotificationsView.swift */,
			);
			path = Notifications;
			sourceTree = "<group>";
		};
		EFF8883E2A0A0E7800E8D8CD /* ViewModels */ = {
			isa = PBXGroup;
			children = (
				EFF888422A0A1BF300E8D8CD /* TweetFilterViewModel.swift */,
			);
			path = ViewModels;
			sourceTree = "<group>";
		};
		EFF8883F2A0A0E7F00E8D8CD /* Views */ = {
			isa = PBXGroup;
			children = (
				EFF888402A0A0E8E00E8D8CD /* ProfileView.swift */,
			);
			path = Views;
			sourceTree = "<group>";
		};
		EFF888442A0A229F00E8D8CD /* ViewModels */ = {
			isa = PBXGroup;
			children = (
			);
			path = ViewModels;
			sourceTree = "<group>";
		};
		EFF888452A0A22A600E8D8CD /* Views */ = {
			isa = PBXGroup;
			children = (
				EFF888382A0A0D0600E8D8CD /* ExploreView.swift */,
			);
			path = Views;
			sourceTree = "<group>";
		};
		EFF888462A0A22CC00E8D8CD /* Users */ = {
			isa = PBXGroup;
			children = (
				EFF888472A0A22E000E8D8CD /* UserRowView.swift */,
				EFF888522A0A8DD000E8D8CD /* UserStatsView.swift */,
			);
			path = Users;
			sourceTree = "<group>";
		};
		EFF888492A0A28C000E8D8CD /* SideMenu */ = {
			isa = PBXGroup;
			children = (
				EFF8884A2A0A28C800E8D8CD /* ViewModel */,
				EFF8884B2A0A28CD00E8D8CD /* Views */,
			);
			path = SideMenu;
			sourceTree = "<group>";
		};
		EFF8884A2A0A28C800E8D8CD /* ViewModel */ = {
			isa = PBXGroup;
			children = (
				EFF888502A0A292A00E8D8CD /* SideMenuViewModel.swift */,
			);
			path = ViewModel;
			sourceTree = "<group>";
		};
		EFF8884B2A0A28CD00E8D8CD /* Views */ = {
			isa = PBXGroup;
			children = (
				EFF8884C2A0A28F400E8D8CD /* SideMenuView.swift */,
				EFF888542A0A96EB00E8D8CD /* SideMenuOptionRowView.swift */,
			);
			path = Views;
			sourceTree = "<group>";
		};
		EFF888562A0A9C2B00E8D8CD /* UploadTweet */ = {
			isa = PBXGroup;
			children = (
				EFF888572A0A9C3600E8D8CD /* ViewModel */,
				EFF888582A0A9C3B00E8D8CD /* Views */,
			);
			path = UploadTweet;
			sourceTree = "<group>";
		};
		EFF888572A0A9C3600E8D8CD /* ViewModel */ = {
			isa = PBXGroup;
			children = (
			);
			path = ViewModel;
			sourceTree = "<group>";
		};
		EFF888582A0A9C3B00E8D8CD /* Views */ = {
			isa = PBXGroup;
			children = (
				EFF888592A0A9C5E00E8D8CD /* NewTweetView.swift */,
			);
			path = Views;
			sourceTree = "<group>";
		};
/* End PBXGroup section */

/* Begin PBXNativeTarget section */
		EFF888122A0A048D00E8D8CD /* TwitterClone */ = {
			isa = PBXNativeTarget;
			buildConfigurationList = EFF888212A0A048F00E8D8CD /* Build configuration list for PBXNativeTarget "TwitterClone" */;
			buildPhases = (
				EFF8880F2A0A048D00E8D8CD /* Sources */,
				EFF888102A0A048D00E8D8CD /* Frameworks */,
				EFF888112A0A048D00E8D8CD /* Resources */,
			);
			buildRules = (
			);
			dependencies = (
			);
			name = TwitterClone;
			productName = TwitterClone;
			productReference = EFF888132A0A048D00E8D8CD /* TwitterClone.app */;
			productType = "com.apple.product-type.application";
		};
/* End PBXNativeTarget section */

/* Begin PBXProject section */
		EFF8880B2A0A048D00E8D8CD /* Project object */ = {
			isa = PBXProject;
			attributes = {
				BuildIndependentTargetsInParallel = 1;
				LastSwiftUpdateCheck = 1420;
				LastUpgradeCheck = 1420;
				TargetAttributes = {
					EFF888122A0A048D00E8D8CD = {
						CreatedOnToolsVersion = 14.2;
					};
				};
			};
			buildConfigurationList = EFF8880E2A0A048D00E8D8CD /* Build configuration list for PBXProject "TwitterClone" */;
			compatibilityVersion = "Xcode 14.0";
			developmentRegion = en;
			hasScannedForEncodings = 0;
			knownRegions = (
				en,
				Base,
			);
			mainGroup = EFF8880A2A0A048D00E8D8CD;
			productRefGroup = EFF888142A0A048D00E8D8CD /* Products */;
			projectDirPath = "";
			projectRoot = "";
			targets = (
				EFF888122A0A048D00E8D8CD /* TwitterClone */,
			);
		};
/* End PBXProject section */

/* Begin PBXResourcesBuildPhase section */
		EFF888112A0A048D00E8D8CD /* Resources */ = {
			isa = PBXResourcesBuildPhase;
			buildActionMask = 2147483647;
			files = (
				EFF8881E2A0A048F00E8D8CD /* Preview Assets.xcassets in Resources */,
				EFF8881B2A0A048F00E8D8CD /* Assets.xcassets in Resources */,
			);
			runOnlyForDeploymentPostprocessing = 0;
		};
/* End PBXResourcesBuildPhase section */

/* Begin PBXSourcesBuildPhase section */
		EFF8880F2A0A048D00E8D8CD /* Sources */ = {
			isa = PBXSourcesBuildPhase;
			buildActionMask = 2147483647;
			files = (
				EFF8883D2A0A0D7100E8D8CD /* MessagesView.swift in Sources */,
				EFF888412A0A0E8E00E8D8CD /* ProfileView.swift in Sources */,
				EFF888392A0A0D0600E8D8CD /* ExploreView.swift in Sources */,
				EFF888192A0A048D00E8D8CD /* ContentView.swift in Sources */,
				EFF888432A0A1BF300E8D8CD /* TweetFilterViewModel.swift in Sources */,
				EFF8883B2A0A0D3B00E8D8CD /* NotificationsView.swift in Sources */,
				EFF8884D2A0A28F400E8D8CD /* SideMenuView.swift in Sources */,
				EFF888302A0A074300E8D8CD /* TweetRowView.swift in Sources */,
				EFF8882D2A0A061F00E8D8CD /* FeedView.swift in Sources */,
				EFF888512A0A292A00E8D8CD /* SideMenuViewModel.swift in Sources */,
				EFF8885C2A0A9D0700E8D8CD /* TextArea.swift in Sources */,
				EFF888482A0A22E000E8D8CD /* UserRowView.swift in Sources */,
				EFF8885A2A0A9C5E00E8D8CD /* NewTweetView.swift in Sources */,
				EFF888552A0A96EB00E8D8CD /* SideMenuOptionRowView.swift in Sources */,
				EFF888172A0A048D00E8D8CD /* TwitterCloneApp.swift in Sources */,
				EFF888332A0A0B3D00E8D8CD /* MainTabView.swift in Sources */,
				EFF888532A0A8DD000E8D8CD /* UserStatsView.swift in Sources */,
			);
			runOnlyForDeploymentPostprocessing = 0;
		};
/* End PBXSourcesBuildPhase section */

/* Begin XCBuildConfiguration section */
		EFF8881F2A0A048F00E8D8CD /* Debug */ = {
			isa = XCBuildConfiguration;
			buildSettings = {
				ALWAYS_SEARCH_USER_PATHS = NO;
				CLANG_ANALYZER_NONNULL = YES;
				CLANG_ANALYZER_NUMBER_OBJECT_CONVERSION = YES_AGGRESSIVE;
				CLANG_CXX_LANGUAGE_STANDARD = "gnu++20";
				CLANG_ENABLE_MODULES = YES;
				CLANG_ENABLE_OBJC_ARC = YES;
				CLANG_ENABLE_OBJC_WEAK = YES;
				CLANG_WARN_BLOCK_CAPTURE_AUTORELEASING = YES;
				CLANG_WARN_BOOL_CONVERSION = YES;
				CLANG_WARN_COMMA = YES;
				CLANG_WARN_CONSTANT_CONVERSION = YES;
				CLANG_WARN_DEPRECATED_OBJC_IMPLEMENTATIONS = YES;
				CLANG_WARN_DIRECT_OBJC_ISA_USAGE = YES_ERROR;
				CLANG_WARN_DOCUMENTATION_COMMENTS = YES;
				CLANG_WARN_EMPTY_BODY = YES;
				CLANG_WARN_ENUM_CONVERSION = YES;
				CLANG_WARN_INFINITE_RECURSION = YES;
				CLANG_WARN_INT_CONVERSION = YES;
				CLANG_WARN_NON_LITERAL_NULL_CONVERSION = YES;
				CLANG_WARN_OBJC_IMPLICIT_RETAIN_SELF = YES;
				CLANG_WARN_OBJC_LITERAL_CONVERSION = YES;
				CLANG_WARN_OBJC_ROOT_CLASS = YES_ERROR;
				CLANG_WARN_QUOTED_INCLUDE_IN_FRAMEWORK_HEADER = YES;
				CLANG_WARN_RANGE_LOOP_ANALYSIS = YES;
				CLANG_WARN_STRICT_PROTOTYPES = YES;
				CLANG_WARN_SUSPICIOUS_MOVE = YES;
				CLANG_WARN_UNGUARDED_AVAILABILITY = YES_AGGRESSIVE;
				CLANG_WARN_UNREACHABLE_CODE = YES;
				CLANG_WARN__DUPLICATE_METHOD_MATCH = YES;
				COPY_PHASE_STRIP = NO;
				DEBUG_INFORMATION_FORMAT = dwarf;
				ENABLE_STRICT_OBJC_MSGSEND = YES;
				ENABLE_TESTABILITY = YES;
				GCC_C_LANGUAGE_STANDARD = gnu11;
				GCC_DYNAMIC_NO_PIC = NO;
				GCC_NO_COMMON_BLOCKS = YES;
				GCC_OPTIMIZATION_LEVEL = 0;
				GCC_PREPROCESSOR_DEFINITIONS = (
					"DEBUG=1",
					"$(inherited)",
				);
				GCC_WARN_64_TO_32_BIT_CONVERSION = YES;
				GCC_WARN_ABOUT_RETURN_TYPE = YES_ERROR;
				GCC_WARN_UNDECLARED_SELECTOR = YES;
				GCC_WARN_UNINITIALIZED_AUTOS = YES_AGGRESSIVE;
				GCC_WARN_UNUSED_FUNCTION = YES;
				GCC_WARN_UNUSED_VARIABLE = YES;
				IPHONEOS_DEPLOYMENT_TARGET = 16.2;
				MTL_ENABLE_DEBUG_INFO = INCLUDE_SOURCE;
				MTL_FAST_MATH = YES;
				ONLY_ACTIVE_ARCH = YES;
				SDKROOT = iphoneos;
				SWIFT_ACTIVE_COMPILATION_CONDITIONS = DEBUG;
				SWIFT_OPTIMIZATION_LEVEL = "-Onone";
			};
			name = Debug;
		};
		EFF888202A0A048F00E8D8CD /* Release */ = {
			isa = XCBuildConfiguration;
			buildSettings = {
				ALWAYS_SEARCH_USER_PATHS = NO;
				CLANG_ANALYZER_NONNULL = YES;
				CLANG_ANALYZER_NUMBER_OBJECT_CONVERSION = YES_AGGRESSIVE;
				CLANG_CXX_LANGUAGE_STANDARD = "gnu++20";
				CLANG_ENABLE_MODULES = YES;
				CLANG_ENABLE_OBJC_ARC = YES;
				CLANG_ENABLE_OBJC_WEAK = YES;
				CLANG_WARN_BLOCK_CAPTURE_AUTORELEASING = YES;
				CLANG_WARN_BOOL_CONVERSION = YES;
				CLANG_WARN_COMMA = YES;
				CLANG_WARN_CONSTANT_CONVERSION = YES;
				CLANG_WARN_DEPRECATED_OBJC_IMPLEMENTATIONS = YES;
				CLANG_WARN_DIRECT_OBJC_ISA_USAGE = YES_ERROR;
				CLANG_WARN_DOCUMENTATION_COMMENTS = YES;
				CLANG_WARN_EMPTY_BODY = YES;
				CLANG_WARN_ENUM_CONVERSION = YES;
				CLANG_WARN_INFINITE_RECURSION = YES;
				CLANG_WARN_INT_CONVERSION = YES;
				CLANG_WARN_NON_LITERAL_NULL_CONVERSION = YES;
				CLANG_WARN_OBJC_IMPLICIT_RETAIN_SELF = YES;
				CLANG_WARN_OBJC_LITERAL_CONVERSION = YES;
				CLANG_WARN_OBJC_ROOT_CLASS = YES_ERROR;
				CLANG_WARN_QUOTED_INCLUDE_IN_FRAMEWORK_HEADER = YES;
				CLANG_WARN_RANGE_LOOP_ANALYSIS = YES;
				CLANG_WARN_STRICT_PROTOTYPES = YES;
				CLANG_WARN_SUSPICIOUS_MOVE = YES;
				CLANG_WARN_UNGUARDED_AVAILABILITY = YES_AGGRESSIVE;
				CLANG_WARN_UNREACHABLE_CODE = YES;
				CLANG_WARN__DUPLICATE_METHOD_MATCH = YES;
				COPY_PHASE_STRIP = NO;
				DEBUG_INFORMATION_FORMAT = "dwarf-with-dsym";
				ENABLE_NS_ASSERTIONS = NO;
				ENABLE_STRICT_OBJC_MSGSEND = YES;
				GCC_C_LANGUAGE_STANDARD = gnu11;
				GCC_NO_COMMON_BLOCKS = YES;
				GCC_WARN_64_TO_32_BIT_CONVERSION = YES;
				GCC_WARN_ABOUT_RETURN_TYPE = YES_ERROR;
				GCC_WARN_UNDECLARED_SELECTOR = YES;
				GCC_WARN_UNINITIALIZED_AUTOS = YES_AGGRESSIVE;
				GCC_WARN_UNUSED_FUNCTION = YES;
				GCC_WARN_UNUSED_VARIABLE = YES;
				IPHONEOS_DEPLOYMENT_TARGET = 16.2;
				MTL_ENABLE_DEBUG_INFO = NO;
				MTL_FAST_MATH = YES;
				SDKROOT = iphoneos;
				SWIFT_COMPILATION_MODE = wholemodule;
				SWIFT_OPTIMIZATION_LEVEL = "-O";
				VALIDATE_PRODUCT = YES;
			};
			name = Release;
		};
		EFF888222A0A048F00E8D8CD /* Debug */ = {
			isa = XCBuildConfiguration;
			buildSettings = {
				ASSETCATALOG_COMPILER_APPICON_NAME = AppIcon;
				ASSETCATALOG_COMPILER_GLOBAL_ACCENT_COLOR_NAME = AccentColor;
				CODE_SIGN_STYLE = Automatic;
				CURRENT_PROJECT_VERSION = 1;
				DEVELOPMENT_ASSET_PATHS = "\"TwitterClone/Preview Content\"";
				DEVELOPMENT_TEAM = K7437T3W46;
				ENABLE_PREVIEWS = YES;
				GENERATE_INFOPLIST_FILE = YES;
				INFOPLIST_KEY_UIApplicationSceneManifest_Generation = YES;
				INFOPLIST_KEY_UIApplicationSupportsIndirectInputEvents = YES;
				INFOPLIST_KEY_UILaunchScreen_Generation = YES;
				INFOPLIST_KEY_UISupportedInterfaceOrientations_iPad = "UIInterfaceOrientationPortrait UIInterfaceOrientationPortraitUpsideDown UIInterfaceOrientationLandscapeLeft UIInterfaceOrientationLandscapeRight";
				INFOPLIST_KEY_UISupportedInterfaceOrientations_iPhone = "UIInterfaceOrientationPortrait UIInterfaceOrientationLandscapeLeft UIInterfaceOrientationLandscapeRight";
				LD_RUNPATH_SEARCH_PATHS = (
					"$(inherited)",
					"@executable_path/Frameworks",
				);
				MARKETING_VERSION = 1.0;
				PRODUCT_BUNDLE_IDENTIFIER = kr.ac.knu.comp420.minsion.TwitterClone;
				PRODUCT_NAME = "$(TARGET_NAME)";
				SWIFT_EMIT_LOC_STRINGS = YES;
				SWIFT_VERSION = 5.0;
				TARGETED_DEVICE_FAMILY = "1,2";
			};
			name = Debug;
		};
		EFF888232A0A048F00E8D8CD /* Release */ = {
			isa = XCBuildConfiguration;
			buildSettings = {
				ASSETCATALOG_COMPILER_APPICON_NAME = AppIcon;
				ASSETCATALOG_COMPILER_GLOBAL_ACCENT_COLOR_NAME = AccentColor;
				CODE_SIGN_STYLE = Automatic;
				CURRENT_PROJECT_VERSION = 1;
				DEVELOPMENT_ASSET_PATHS = "\"TwitterClone/Preview Content\"";
				DEVELOPMENT_TEAM = K7437T3W46;
				ENABLE_PREVIEWS = YES;
				GENERATE_INFOPLIST_FILE = YES;
				INFOPLIST_KEY_UIApplicationSceneManifest_Generation = YES;
				INFOPLIST_KEY_UIApplicationSupportsIndirectInputEvents = YES;
				INFOPLIST_KEY_UILaunchScreen_Generation = YES;
				INFOPLIST_KEY_UISupportedInterfaceOrientations_iPad = "UIInterfaceOrientationPortrait UIInterfaceOrientationPortraitUpsideDown UIInterfaceOrientationLandscapeLeft UIInterfaceOrientationLandscapeRight";
				INFOPLIST_KEY_UISupportedInterfaceOrientations_iPhone = "UIInterfaceOrientationPortrait UIInterfaceOrientationLandscapeLeft UIInterfaceOrientationLandscapeRight";
				LD_RUNPATH_SEARCH_PATHS = (
					"$(inherited)",
					"@executable_path/Frameworks",
				);
				MARKETING_VERSION = 1.0;
				PRODUCT_BUNDLE_IDENTIFIER = kr.ac.knu.comp420.minsion.TwitterClone;
				PRODUCT_NAME = "$(TARGET_NAME)";
				SWIFT_EMIT_LOC_STRINGS = YES;
				SWIFT_VERSION = 5.0;
				TARGETED_DEVICE_FAMILY = "1,2";
			};
			name = Release;
		};
/* End XCBuildConfiguration section */

/* Begin XCConfigurationList section */
		EFF8880E2A0A048D00E8D8CD /* Build configuration list for PBXProject "TwitterClone" */ = {
			isa = XCConfigurationList;
			buildConfigurations = (
				EFF8881F2A0A048F00E8D8CD /* Debug */,
				EFF888202A0A048F00E8D8CD /* Release */,
			);
			defaultConfigurationIsVisible = 0;
			defaultConfigurationName = Release;
		};
		EFF888212A0A048F00E8D8CD /* Build configuration list for PBXNativeTarget "TwitterClone" */ = {
			isa = XCConfigurationList;
			buildConfigurations = (
				EFF888222A0A048F00E8D8CD /* Debug */,
				EFF888232A0A048F00E8D8CD /* Release */,
			);
			defaultConfigurationIsVisible = 0;
			defaultConfigurationName = Release;
		};
/* End XCConfigurationList section */
	};
	rootObject = EFF8880B2A0A048D00E8D8CD /* Project object */;
}
